// !$*UTF8*$!
{
	archiveVersion = 1;
	classes = {
	};
	objectVersion = 55;
	objects = {

/* Begin PBXBuildFile section */
		52F68B9229200016003BE097 /* WKUserAgentIPadFix.swift in Sources */ = {isa = PBXBuildFile; fileRef = 52F68B8A29200016003BE097 /* WKUserAgentIPadFix.swift */; };
		52F68B9329200016003BE097 /* WKUserAgent.swift in Sources */ = {isa = PBXBuildFile; fileRef = 52F68B8B29200016003BE097 /* WKUserAgent.swift */; };
		52F68B9429200016003BE097 /* WKWebViewConfiguration+Extensions.swift in Sources */ = {isa = PBXBuildFile; fileRef = 52F68B8D29200016003BE097 /* WKWebViewConfiguration+Extensions.swift */; };
		52F68B9529200016003BE097 /* WKWebView+Extensions.swift in Sources */ = {isa = PBXBuildFile; fileRef = 52F68B8E29200016003BE097 /* WKWebView+Extensions.swift */; };
		52F68B9629200016003BE097 /* WKUserAgentFetcher.swift in Sources */ = {isa = PBXBuildFile; fileRef = 52F68B8F29200016003BE097 /* WKUserAgentFetcher.swift */; };
		52F68B9729200016003BE097 /* WKUserAgentError.swift in Sources */ = {isa = PBXBuildFile; fileRef = 52F68B9129200016003BE097 /* WKUserAgentError.swift */; };
		52F68B9B292002DF003BE097 /* WebKitUserAgent.h in Headers */ = {isa = PBXBuildFile; fileRef = 52F68B9A292002DF003BE097 /* WebKitUserAgent.h */; };
/* End PBXBuildFile section */

/* Begin PBXFileReference section */
		52F68B7D291FFFD2003BE097 /* WebKitUserAgent.framework */ = {isa = PBXFileReference; explicitFileType = wrapper.framework; includeInIndex = 0; path = WebKitUserAgent.framework; sourceTree = BUILT_PRODUCTS_DIR; };
		52F68B8A29200016003BE097 /* WKUserAgentIPadFix.swift */ = {isa = PBXFileReference; fileEncoding = 4; lastKnownFileType = sourcecode.swift; path = WKUserAgentIPadFix.swift; sourceTree = "<group>"; };
		52F68B8B29200016003BE097 /* WKUserAgent.swift */ = {isa = PBXFileReference; fileEncoding = 4; lastKnownFileType = sourcecode.swift; path = WKUserAgent.swift; sourceTree = "<group>"; };
		52F68B8D29200016003BE097 /* WKWebViewConfiguration+Extensions.swift */ = {isa = PBXFileReference; fileEncoding = 4; lastKnownFileType = sourcecode.swift; path = "WKWebViewConfiguration+Extensions.swift"; sourceTree = "<group>"; };
		52F68B8E29200016003BE097 /* WKWebView+Extensions.swift */ = {isa = PBXFileReference; fileEncoding = 4; lastKnownFileType = sourcecode.swift; path = "WKWebView+Extensions.swift"; sourceTree = "<group>"; };
		52F68B8F29200016003BE097 /* WKUserAgentFetcher.swift */ = {isa = PBXFileReference; fileEncoding = 4; lastKnownFileType = sourcecode.swift; path = WKUserAgentFetcher.swift; sourceTree = "<group>"; };
		52F68B9129200016003BE097 /* WKUserAgentError.swift */ = {isa = PBXFileReference; fileEncoding = 4; lastKnownFileType = sourcecode.swift; path = WKUserAgentError.swift; sourceTree = "<group>"; };
		52F68B9A292002DF003BE097 /* WebKitUserAgent.h */ = {isa = PBXFileReference; fileEncoding = 4; lastKnownFileType = sourcecode.c.h; path = WebKitUserAgent.h; sourceTree = "<group>"; };
/* End PBXFileReference section */

/* Begin PBXFrameworksBuildPhase section */
		52F68B7A291FFFD2003BE097 /* Frameworks */ = {
			isa = PBXFrameworksBuildPhase;
			buildActionMask = 2147483647;
			files = (
			);
			runOnlyForDeploymentPostprocessing = 0;
		};
/* End PBXFrameworksBuildPhase section */

/* Begin PBXGroup section */
		52F68B73291FFFD2003BE097 = {
			isa = PBXGroup;
			children = (
				52F68B7F291FFFD2003BE097 /* WebKitUserAgent */,
				52F68B7E291FFFD2003BE097 /* Products */,
			);
			sourceTree = "<group>";
		};
		52F68B7E291FFFD2003BE097 /* Products */ = {
			isa = PBXGroup;
			children = (
				52F68B7D291FFFD2003BE097 /* WebKitUserAgent.framework */,
			);
			name = Products;
			sourceTree = "<group>";
		};
		52F68B7F291FFFD2003BE097 /* WebKitUserAgent */ = {
			isa = PBXGroup;
			children = (
				52F68B8929200016003BE097 /* Sources */,
			);
			path = WebKitUserAgent;
			sourceTree = "<group>";
		};
		52F68B8929200016003BE097 /* Sources */ = {
			isa = PBXGroup;
			children = (
				52F68B9029200016003BE097 /* Errors */,
				52F68B8C29200016003BE097 /* Extensions */,
				52F68B99292002DF003BE097 /* Headers */,
				52F68B8B29200016003BE097 /* WKUserAgent.swift */,
				52F68B8F29200016003BE097 /* WKUserAgentFetcher.swift */,
				52F68B8A29200016003BE097 /* WKUserAgentIPadFix.swift */,
			);
			path = Sources;
			sourceTree = "<group>";
		};
		52F68B8C29200016003BE097 /* Extensions */ = {
			isa = PBXGroup;
			children = (
				52F68B8E29200016003BE097 /* WKWebView+Extensions.swift */,
				52F68B8D29200016003BE097 /* WKWebViewConfiguration+Extensions.swift */,
			);
			path = Extensions;
			sourceTree = "<group>";
		};
		52F68B9029200016003BE097 /* Errors */ = {
			isa = PBXGroup;
			children = (
				52F68B9129200016003BE097 /* WKUserAgentError.swift */,
			);
			path = Errors;
			sourceTree = "<group>";
		};
		52F68B99292002DF003BE097 /* Headers */ = {
			isa = PBXGroup;
			children = (
				52F68B9A292002DF003BE097 /* WebKitUserAgent.h */,
			);
			path = Headers;
			sourceTree = "<group>";
		};
/* End PBXGroup section */

/* Begin PBXHeadersBuildPhase section */
		52F68B78291FFFD2003BE097 /* Headers */ = {
			isa = PBXHeadersBuildPhase;
			buildActionMask = 2147483647;
			files = (
				52F68B9B292002DF003BE097 /* WebKitUserAgent.h in Headers */,
			);
			runOnlyForDeploymentPostprocessing = 0;
		};
/* End PBXHeadersBuildPhase section */

/* Begin PBXNativeTarget section */
		52F68B7C291FFFD2003BE097 /* WebKitUserAgent */ = {
			isa = PBXNativeTarget;
			buildConfigurationList = 52F68B86291FFFD2003BE097 /* Build configuration list for PBXNativeTarget "WebKitUserAgent" */;
			buildPhases = (
				52F68B78291FFFD2003BE097 /* Headers */,
				52F68B9829200166003BE097 /* SwiftLint */,
				52F68B79291FFFD2003BE097 /* Sources */,
				52F68B7A291FFFD2003BE097 /* Frameworks */,
				52F68B7B291FFFD2003BE097 /* Resources */,
			);
			buildRules = (
			);
			dependencies = (
			);
			name = WebKitUserAgent;
			productName = WebKitUserAgent;
			productReference = 52F68B7D291FFFD2003BE097 /* WebKitUserAgent.framework */;
			productType = "com.apple.product-type.framework";
		};
/* End PBXNativeTarget section */

/* Begin PBXProject section */
		52F68B74291FFFD2003BE097 /* Project object */ = {
			isa = PBXProject;
			attributes = {
				BuildIndependentTargetsInParallel = 1;
				LastUpgradeCheck = 1410;
				ORGANIZATIONNAME = "Dmytrii Golovanov";
				TargetAttributes = {
					52F68B7C291FFFD2003BE097 = {
						CreatedOnToolsVersion = 14.1;
					};
				};
			};
			buildConfigurationList = 52F68B77291FFFD2003BE097 /* Build configuration list for PBXProject "WebKitUserAgent" */;
			compatibilityVersion = "Xcode 13.0";
			developmentRegion = en;
			hasScannedForEncodings = 0;
			knownRegions = (
				en,
				Base,
			);
			mainGroup = 52F68B73291FFFD2003BE097;
			productRefGroup = 52F68B7E291FFFD2003BE097 /* Products */;
			projectDirPath = "";
			projectRoot = "";
			targets = (
				52F68B7C291FFFD2003BE097 /* WebKitUserAgent */,
			);
		};
/* End PBXProject section */

/* Begin PBXResourcesBuildPhase section */
		52F68B7B291FFFD2003BE097 /* Resources */ = {
			isa = PBXResourcesBuildPhase;
			buildActionMask = 2147483647;
			files = (
			);
			runOnlyForDeploymentPostprocessing = 0;
		};
/* End PBXResourcesBuildPhase section */

/* Begin PBXShellScriptBuildPhase section */
		52F68B9829200166003BE097 /* SwiftLint */ = {
			isa = PBXShellScriptBuildPhase;
			buildActionMask = 2147483647;
			files = (
			);
			inputFileListPaths = (
			);
			inputPaths = (
			);
			name = SwiftLint;
			outputFileListPaths = (
			);
			outputPaths = (
			);
			runOnlyForDeploymentPostprocessing = 0;
			shellPath = /bin/sh;
			shellScript = "export PATH=\"$PATH:/opt/homebrew/bin\"\nif which swiftlint > /dev/null; then\n  swiftlint\nelse\n  echo \"warning: SwiftLint not installed, download from https://github.com/realm/SwiftLint\"\nfi\n";
		};
/* End PBXShellScriptBuildPhase section */

/* Begin PBXSourcesBuildPhase section */
		52F68B79291FFFD2003BE097 /* Sources */ = {
			isa = PBXSourcesBuildPhase;
			buildActionMask = 2147483647;
			files = (
				52F68B9329200016003BE097 /* WKUserAgent.swift in Sources */,
				52F68B9229200016003BE097 /* WKUserAgentIPadFix.swift in Sources */,
				52F68B9429200016003BE097 /* WKWebViewConfiguration+Extensions.swift in Sources */,
				52F68B9629200016003BE097 /* WKUserAgentFetcher.swift in Sources */,
				52F68B9529200016003BE097 /* WKWebView+Extensions.swift in Sources */,
				52F68B9729200016003BE097 /* WKUserAgentError.swift in Sources */,
			);
			runOnlyForDeploymentPostprocessing = 0;
		};
/* End PBXSourcesBuildPhase section */

/* Begin XCBuildConfiguration section */
		52F68B84291FFFD2003BE097 /* Debug */ = {
			isa = XCBuildConfiguration;
			buildSettings = {
				ALWAYS_SEARCH_USER_PATHS = NO;
				CLANG_ANALYZER_NONNULL = YES;
				CLANG_ANALYZER_NUMBER_OBJECT_CONVERSION = YES_AGGRESSIVE;
				CLANG_CXX_LANGUAGE_STANDARD = "gnu++20";
				CLANG_ENABLE_MODULES = YES;
				CLANG_ENABLE_OBJC_ARC = YES;
				CLANG_ENABLE_OBJC_WEAK = YES;
				CLANG_WARN_BLOCK_CAPTURE_AUTORELEASING = YES;
				CLANG_WARN_BOOL_CONVERSION = YES;
				CLANG_WARN_COMMA = YES;
				CLANG_WARN_CONSTANT_CONVERSION = YES;
				CLANG_WARN_DEPRECATED_OBJC_IMPLEMENTATIONS = YES;
				CLANG_WARN_DIRECT_OBJC_ISA_USAGE = YES_ERROR;
				CLANG_WARN_DOCUMENTATION_COMMENTS = YES;
				CLANG_WARN_EMPTY_BODY = YES;
				CLANG_WARN_ENUM_CONVERSION = YES;
				CLANG_WARN_INFINITE_RECURSION = YES;
				CLANG_WARN_INT_CONVERSION = YES;
				CLANG_WARN_NON_LITERAL_NULL_CONVERSION = YES;
				CLANG_WARN_OBJC_IMPLICIT_RETAIN_SELF = YES;
				CLANG_WARN_OBJC_LITERAL_CONVERSION = YES;
				CLANG_WARN_OBJC_ROOT_CLASS = YES_ERROR;
				CLANG_WARN_QUOTED_INCLUDE_IN_FRAMEWORK_HEADER = YES;
				CLANG_WARN_RANGE_LOOP_ANALYSIS = YES;
				CLANG_WARN_STRICT_PROTOTYPES = YES;
				CLANG_WARN_SUSPICIOUS_MOVE = YES;
				CLANG_WARN_UNGUARDED_AVAILABILITY = YES_AGGRESSIVE;
				CLANG_WARN_UNREACHABLE_CODE = YES;
				CLANG_WARN__DUPLICATE_METHOD_MATCH = YES;
				COPY_PHASE_STRIP = NO;
				CURRENT_PROJECT_VERSION = 1;
				DEBUG_INFORMATION_FORMAT = dwarf;
				ENABLE_STRICT_OBJC_MSGSEND = YES;
				ENABLE_TESTABILITY = YES;
				GCC_C_LANGUAGE_STANDARD = gnu11;
				GCC_DYNAMIC_NO_PIC = NO;
				GCC_NO_COMMON_BLOCKS = YES;
				GCC_OPTIMIZATION_LEVEL = 0;
				GCC_PREPROCESSOR_DEFINITIONS = (
					"DEBUG=1",
					"$(inherited)",
				);
				GCC_WARN_64_TO_32_BIT_CONVERSION = YES;
				GCC_WARN_ABOUT_RETURN_TYPE = YES_ERROR;
				GCC_WARN_UNDECLARED_SELECTOR = YES;
				GCC_WARN_UNINITIALIZED_AUTOS = YES_AGGRESSIVE;
				GCC_WARN_UNUSED_FUNCTION = YES;
				GCC_WARN_UNUSED_VARIABLE = YES;
				MTL_ENABLE_DEBUG_INFO = INCLUDE_SOURCE;
				MTL_FAST_MATH = YES;
				ONLY_ACTIVE_ARCH = YES;
				SWIFT_ACTIVE_COMPILATION_CONDITIONS = DEBUG;
				SWIFT_OPTIMIZATION_LEVEL = "-Onone";
				VERSIONING_SYSTEM = "apple-generic";
				VERSION_INFO_PREFIX = "";
			};
			name = Debug;
		};
		52F68B85291FFFD2003BE097 /* Release */ = {
			isa = XCBuildConfiguration;
			buildSettings = {
				ALWAYS_SEARCH_USER_PATHS = NO;
				CLANG_ANALYZER_NONNULL = YES;
				CLANG_ANALYZER_NUMBER_OBJECT_CONVERSION = YES_AGGRESSIVE;
				CLANG_CXX_LANGUAGE_STANDARD = "gnu++20";
				CLANG_ENABLE_MODULES = YES;
				CLANG_ENABLE_OBJC_ARC = YES;
				CLANG_ENABLE_OBJC_WEAK = YES;
				CLANG_WARN_BLOCK_CAPTURE_AUTORELEASING = YES;
				CLANG_WARN_BOOL_CONVERSION = YES;
				CLANG_WARN_COMMA = YES;
				CLANG_WARN_CONSTANT_CONVERSION = YES;
				CLANG_WARN_DEPRECATED_OBJC_IMPLEMENTATIONS = YES;
				CLANG_WARN_DIRECT_OBJC_ISA_USAGE = YES_ERROR;
				CLANG_WARN_DOCUMENTATION_COMMENTS = YES;
				CLANG_WARN_EMPTY_BODY = YES;
				CLANG_WARN_ENUM_CONVERSION = YES;
				CLANG_WARN_INFINITE_RECURSION = YES;
				CLANG_WARN_INT_CONVERSION = YES;
				CLANG_WARN_NON_LITERAL_NULL_CONVERSION = YES;
				CLANG_WARN_OBJC_IMPLICIT_RETAIN_SELF = YES;
				CLANG_WARN_OBJC_LITERAL_CONVERSION = YES;
				CLANG_WARN_OBJC_ROOT_CLASS = YES_ERROR;
				CLANG_WARN_QUOTED_INCLUDE_IN_FRAMEWORK_HEADER = YES;
				CLANG_WARN_RANGE_LOOP_ANALYSIS = YES;
				CLANG_WARN_STRICT_PROTOTYPES = YES;
				CLANG_WARN_SUSPICIOUS_MOVE = YES;
				CLANG_WARN_UNGUARDED_AVAILABILITY = YES_AGGRESSIVE;
				CLANG_WARN_UNREACHABLE_CODE = YES;
				CLANG_WARN__DUPLICATE_METHOD_MATCH = YES;
				COPY_PHASE_STRIP = NO;
				CURRENT_PROJECT_VERSION = 1;
				DEBUG_INFORMATION_FORMAT = "dwarf-with-dsym";
				ENABLE_NS_ASSERTIONS = NO;
				ENABLE_STRICT_OBJC_MSGSEND = YES;
				GCC_C_LANGUAGE_STANDARD = gnu11;
				GCC_NO_COMMON_BLOCKS = YES;
				GCC_WARN_64_TO_32_BIT_CONVERSION = YES;
				GCC_WARN_ABOUT_RETURN_TYPE = YES_ERROR;
				GCC_WARN_UNDECLARED_SELECTOR = YES;
				GCC_WARN_UNINITIALIZED_AUTOS = YES_AGGRESSIVE;
				GCC_WARN_UNUSED_FUNCTION = YES;
				GCC_WARN_UNUSED_VARIABLE = YES;
				MTL_ENABLE_DEBUG_INFO = NO;
				MTL_FAST_MATH = YES;
				SWIFT_COMPILATION_MODE = wholemodule;
				SWIFT_OPTIMIZATION_LEVEL = "-O";
				VERSIONING_SYSTEM = "apple-generic";
				VERSION_INFO_PREFIX = "";
			};
			name = Release;
		};
		52F68B87291FFFD2003BE097 /* Debug */ = {
			isa = XCBuildConfiguration;
			buildSettings = {
				CLANG_ENABLE_MODULES = YES;
				CODE_SIGN_STYLE = Automatic;
				CURRENT_PROJECT_VERSION = 1;
				DEFINES_MODULE = YES;
				DEVELOPMENT_TEAM = 9XME7N25M9;
				DYLIB_COMPATIBILITY_VERSION = 1;
				DYLIB_CURRENT_VERSION = 1;
				DYLIB_INSTALL_NAME_BASE = "@rpath";
				GENERATE_INFOPLIST_FILE = YES;
				INFOPLIST_KEY_NSHumanReadableCopyright = "";
				INSTALL_PATH = "$(LOCAL_LIBRARY_DIR)/Frameworks";
				IPHONEOS_DEPLOYMENT_TARGET = 9.0;
				LD_RUNPATH_SEARCH_PATHS = (
					"@executable_path/Frameworks",
					"@loader_path/Frameworks",
				);
				"LD_RUNPATH_SEARCH_PATHS[sdk=macosx*]" = (
					"@executable_path/../Frameworks",
					"@loader_path/Frameworks",
				);
				MACOSX_DEPLOYMENT_TARGET = 10.11;
				MARKETING_VERSION = 1.0;
				PRODUCT_BUNDLE_IDENTIFIER = "dmytriigolovanov.webkit-user-agent";
				PRODUCT_NAME = "$(TARGET_NAME:c99extidentifier)";
				SDKROOT = auto;
				SKIP_INSTALL = YES;
				SUPPORTED_PLATFORMS = "iphoneos iphonesimulator macosx";
				SWIFT_EMIT_LOC_STRINGS = YES;
				SWIFT_VERSION = 5.0;
				TARGETED_DEVICE_FAMILY = "1,2";
			};
			name = Debug;
		};
		52F68B88291FFFD2003BE097 /* Release */ = {
			isa = XCBuildConfiguration;
			buildSettings = {
				CLANG_ENABLE_MODULES = YES;
				CODE_SIGN_STYLE = Automatic;
				CURRENT_PROJECT_VERSION = 1;
				DEFINES_MODULE = YES;
				DEVELOPMENT_TEAM = 9XME7N25M9;
				DYLIB_COMPATIBILITY_VERSION = 1;
				DYLIB_CURRENT_VERSION = 1;
				DYLIB_INSTALL_NAME_BASE = "@rpath";
				GENERATE_INFOPLIST_FILE = YES;
				INFOPLIST_KEY_NSHumanReadableCopyright = "";
				INSTALL_PATH = "$(LOCAL_LIBRARY_DIR)/Frameworks";
				IPHONEOS_DEPLOYMENT_TARGET = 9.0;
				LD_RUNPATH_SEARCH_PATHS = (
					"@executable_path/Frameworks",
					"@loader_path/Frameworks",
				);
				"LD_RUNPATH_SEARCH_PATHS[sdk=macosx*]" = (
					"@executable_path/../Frameworks",
					"@loader_path/Frameworks",
				);
				MACOSX_DEPLOYMENT_TARGET = 10.11;
				MARKETING_VERSION = 1.0;
				PRODUCT_BUNDLE_IDENTIFIER = "dmytriigolovanov.webkit-user-agent";
				PRODUCT_NAME = "$(TARGET_NAME:c99extidentifier)";
				SDKROOT = auto;
				SKIP_INSTALL = YES;
				SUPPORTED_PLATFORMS = "iphoneos iphonesimulator macosx";
				SWIFT_EMIT_LOC_STRINGS = YES;
				SWIFT_VERSION = 5.0;
				TARGETED_DEVICE_FAMILY = "1,2";
			};
			name = Release;
		};
/* End XCBuildConfiguration section */

/* Begin XCConfigurationList section */
		52F68B77291FFFD2003BE097 /* Build configuration list for PBXProject "WebKitUserAgent" */ = {
			isa = XCConfigurationList;
			buildConfigurations = (
				52F68B84291FFFD2003BE097 /* Debug */,
				52F68B85291FFFD2003BE097 /* Release */,
			);
			defaultConfigurationIsVisible = 0;
			defaultConfigurationName = Release;
		};
		52F68B86291FFFD2003BE097 /* Build configuration list for PBXNativeTarget "WebKitUserAgent" */ = {
			isa = XCConfigurationList;
			buildConfigurations = (
				52F68B87291FFFD2003BE097 /* Debug */,
				52F68B88291FFFD2003BE097 /* Release */,
			);
			defaultConfigurationIsVisible = 0;
			defaultConfigurationName = Release;
		};
/* End XCConfigurationList section */
	};
	rootObject = 52F68B74291FFFD2003BE097 /* Project object */;
}
